
Microsoft Visual Studio Solution File, Format Version 12.00
# Visual Studio Version 16
VisualStudioVersion = 16.0.30114.105
MinimumVisualStudioVersion = 10.0.40219.1
Project("{2150E333-8FDC-42A3-9474-1A3956D46DE8}") = "Services", "Services", "{5CEC9AD1-5E85-4AFC-9D10-1E3C57E243FC}"
EndProject
Project("{2150E333-8FDC-42A3-9474-1A3956D46DE8}") = "Sharing", "Sharing", "{1DE849DB-044D-40CC-88B8-16078762AD0B}"
EndProject
Project("{2150E333-8FDC-42A3-9474-1A3956D46DE8}") = "Catalog", "Catalog", "{4598CFB9-A452-4B36-99A3-8C23A1AA789C}"
EndProject
Project("{FAE04EC0-301F-11D3-BF4B-00C04F79EFBC}") = "TVT.Catalog.Api", "Services\Catalog\TVT.Catalog.Api\TVT.Catalog.Api.csproj", "{CC321C2A-1134-43E8-931D-4A334C85F2C4}"
EndProject
Project("{FAE04EC0-301F-11D3-BF4B-00C04F79EFBC}") = "TVT.Core", "Sharing\TVT.Core\TVT.Core.csproj", "{2D6BDA52-817E-44E0-A93A-B1373745FE78}"
EndProject
Global
	GlobalSection(SolutionConfigurationPlatforms) = preSolution
		Debug|Any CPU = Debug|Any CPU
		Release|Any CPU = Release|Any CPU
	EndGlobalSection
	GlobalSection(ProjectConfigurationPlatforms) = postSolution
		{CC321C2A-1134-43E8-931D-4A334C85F2C4}.Debug|Any CPU.ActiveCfg = Debug|Any CPU
		{CC321C2A-1134-43E8-931D-4A334C85F2C4}.Debug|Any CPU.Build.0 = Debug|Any CPU
		{CC321C2A-1134-43E8-931D-4A334C85F2C4}.Release|Any CPU.ActiveCfg = Release|Any CPU
		{CC321C2A-1134-43E8-931D-4A334C85F2C4}.Release|Any CPU.Build.0 = Release|Any CPU
		{2D6BDA52-817E-44E0-A93A-B1373745FE78}.Debug|Any CPU.ActiveCfg = Debug|Any CPU
		{2D6BDA52-817E-44E0-A93A-B1373745FE78}.Debug|Any CPU.Build.0 = Debug|Any CPU
		{2D6BDA52-817E-44E0-A93A-B1373745FE78}.Release|Any CPU.ActiveCfg = Release|Any CPU
		{2D6BDA52-817E-44E0-A93A-B1373745FE78}.Release|Any CPU.Build.0 = Release|Any CPU
	EndGlobalSection
	GlobalSection(SolutionProperties) = preSolution
		HideSolutionNode = FALSE
	EndGlobalSection
	GlobalSection(NestedProjects) = preSolution
		{4598CFB9-A452-4B36-99A3-8C23A1AA789C} = {5CEC9AD1-5E85-4AFC-9D10-1E3C57E243FC}
		{CC321C2A-1134-43E8-931D-4A334C85F2C4} = {4598CFB9-A452-4B36-99A3-8C23A1AA789C}
		{2D6BDA52-817E-44E0-A93A-B1373745FE78} = {1DE849DB-044D-40CC-88B8-16078762AD0B}
	EndGlobalSection
	GlobalSection(ExtensibilityGlobals) = postSolution
		SolutionGuid = {9D1F4896-F1D5-4C85-B657-035008F0D677}
	EndGlobalSection
EndGlobal
